{
  "name": "layer",
  "version": "1.0.0",
  "lockfileVersion": 1,
  "requires": true,
  "dependencies": {
    "@aws-crypto/ie11-detection": {
      "version": "2.0.0",
      "resolved": "https://registry.npmjs.org/@aws-crypto/ie11-detection/-/ie11-detection-2.0.0.tgz",
      "integrity": "sha512-pkVXf/dq6PITJ0jzYZ69VhL8VFOFoPZLZqtU/12SGnzYuJOOGNfF41q9GxdI1yqC8R13Rq3jOLKDFpUJFT5eTA==",
      "requires": {
        "tslib": "^1.11.1"
      },
      "dependencies": {
        "tslib": {
          "version": "1.14.1",
          "resolved": "https://registry.npmjs.org/tslib/-/tslib-1.14.1.tgz",
          "integrity": "sha512-Xni35NKzjgMrwevysHTCArtLDpPvye8zV/0E4EyYn43P7/7qvQwPh9BGkHewbMulVntbigmcT7rdX3BNo9wRJg=="
        }
      }
    },
    "@aws-crypto/sha256-browser": {
      "version": "2.0.0",
      "resolved": "https://registry.npmjs.org/@aws-crypto/sha256-browser/-/sha256-browser-2.0.0.tgz",
      "integrity": "sha512-rYXOQ8BFOaqMEHJrLHul/25ckWH6GTJtdLSajhlqGMx0PmSueAuvboCuZCTqEKlxR8CQOwRarxYMZZSYlhRA1A==",
      "requires": {
        "@aws-crypto/ie11-detection": "^2.0.0",
        "@aws-crypto/sha256-js": "^2.0.0",
        "@aws-crypto/supports-web-crypto": "^2.0.0",
        "@aws-crypto/util": "^2.0.0",
        "@aws-sdk/types": "^3.1.0",
        "@aws-sdk/util-locate-window": "^3.0.0",
        "@aws-sdk/util-utf8-browser": "^3.0.0",
        "tslib": "^1.11.1"
      },
      "dependencies": {
        "tslib": {
          "version": "1.14.1",
          "resolved": "https://registry.npmjs.org/tslib/-/tslib-1.14.1.tgz",
          "integrity": "sha512-Xni35NKzjgMrwevysHTCArtLDpPvye8zV/0E4EyYn43P7/7qvQwPh9BGkHewbMulVntbigmcT7rdX3BNo9wRJg=="
        }
      }
    },
    "@aws-crypto/sha256-js": {
      "version": "2.0.0",
      "resolved": "https://registry.npmjs.org/@aws-crypto/sha256-js/-/sha256-js-2.0.0.tgz",
      "integrity": "sha512-VZY+mCY4Nmrs5WGfitmNqXzaE873fcIZDu54cbaDaaamsaTOP1DBImV9F4pICc3EHjQXujyE8jig+PFCaew9ig==",
      "requires": {
        "@aws-crypto/util": "^2.0.0",
        "@aws-sdk/types": "^3.1.0",
        "tslib": "^1.11.1"
      },
      "dependencies": {
        "tslib": {
          "version": "1.14.1",
          "resolved": "https://registry.npmjs.org/tslib/-/tslib-1.14.1.tgz",
          "integrity": "sha512-Xni35NKzjgMrwevysHTCArtLDpPvye8zV/0E4EyYn43P7/7qvQwPh9BGkHewbMulVntbigmcT7rdX3BNo9wRJg=="
        }
      }
    },
    "@aws-crypto/supports-web-crypto": {
      "version": "2.0.0",
      "resolved": "https://registry.npmjs.org/@aws-crypto/supports-web-crypto/-/supports-web-crypto-2.0.0.tgz",
      "integrity": "sha512-Ge7WQ3E0OC7FHYprsZV3h0QIcpdyJLvIeg+uTuHqRYm8D6qCFJoiC+edSzSyFiHtZf+NOQDJ1q46qxjtzIY2nA==",
      "requires": {
        "tslib": "^1.11.1"
      },
      "dependencies": {
        "tslib": {
          "version": "1.14.1",
          "resolved": "https://registry.npmjs.org/tslib/-/tslib-1.14.1.tgz",
          "integrity": "sha512-Xni35NKzjgMrwevysHTCArtLDpPvye8zV/0E4EyYn43P7/7qvQwPh9BGkHewbMulVntbigmcT7rdX3BNo9wRJg=="
        }
      }
    },
    "@aws-crypto/util": {
      "version": "2.0.1",
      "resolved": "https://registry.npmjs.org/@aws-crypto/util/-/util-2.0.1.tgz",
      "integrity": "sha512-JJmFFwvbm08lULw4Nm5QOLg8+lAQeC8aCXK5xrtxntYzYXCGfHwUJ4Is3770Q7HmICsXthGQ+ZsDL7C2uH3yBQ==",
      "requires": {
        "@aws-sdk/types": "^3.1.0",
        "@aws-sdk/util-utf8-browser": "^3.0.0",
        "tslib": "^1.11.1"
      },
      "dependencies": {
        "tslib": {
          "version": "1.14.1",
          "resolved": "https://registry.npmjs.org/tslib/-/tslib-1.14.1.tgz",
          "integrity": "sha512-Xni35NKzjgMrwevysHTCArtLDpPvye8zV/0E4EyYn43P7/7qvQwPh9BGkHewbMulVntbigmcT7rdX3BNo9wRJg=="
        }
      }
    },
    "@aws-sdk/abort-controller": {
      "version": "3.49.0",
      "resolved": "https://registry.npmjs.org/@aws-sdk/abort-controller/-/abort-controller-3.49.0.tgz",
      "integrity": "sha512-1qLlgOgg3yrtm+AJEP7yoIk90o6ns3Dia8S9DRjj29jY40446etH3v/tIbHPE+em69HLXl1K6e5KD6t7EDxnlg==",
      "requires": {
        "@aws-sdk/types": "3.49.0",
        "tslib": "^2.3.0"
      }
    },
    "@aws-sdk/client-ssm": {
      "version": "3.49.0",
      "resolved": "https://registry.npmjs.org/@aws-sdk/client-ssm/-/client-ssm-3.49.0.tgz",
      "integrity": "sha512-fuUvB1n9+2JGX1r+Yfb62W4AA4GfbTb/dqZ2aiVx9K6WYwrih3iyoJKryoddv/A9UF6SqbVUwhpryphQSx7PfA==",
      "requires": {
        "@aws-crypto/sha256-browser": "2.0.0",
        "@aws-crypto/sha256-js": "2.0.0",
        "@aws-sdk/client-sts": "3.49.0",
        "@aws-sdk/config-resolver": "3.49.0",
        "@aws-sdk/credential-provider-node": "3.49.0",
        "@aws-sdk/fetch-http-handler": "3.49.0",
        "@aws-sdk/hash-node": "3.49.0",
        "@aws-sdk/invalid-dependency": "3.49.0",
        "@aws-sdk/middleware-content-length": "3.49.0",
        "@aws-sdk/middleware-host-header": "3.49.0",
        "@aws-sdk/middleware-logger": "3.49.0",
        "@aws-sdk/middleware-retry": "3.49.0",
        "@aws-sdk/middleware-serde": "3.49.0",
        "@aws-sdk/middleware-signing": "3.49.0",
        "@aws-sdk/middleware-stack": "3.49.0",
        "@aws-sdk/middleware-user-agent": "3.49.0",
        "@aws-sdk/node-config-provider": "3.49.0",
        "@aws-sdk/node-http-handler": "3.49.0",
        "@aws-sdk/protocol-http": "3.49.0",
        "@aws-sdk/smithy-client": "3.49.0",
        "@aws-sdk/types": "3.49.0",
        "@aws-sdk/url-parser": "3.49.0",
        "@aws-sdk/util-base64-browser": "3.49.0",
        "@aws-sdk/util-base64-node": "3.49.0",
        "@aws-sdk/util-body-length-browser": "3.49.0",
        "@aws-sdk/util-body-length-node": "3.49.0",
        "@aws-sdk/util-defaults-mode-browser": "3.49.0",
        "@aws-sdk/util-defaults-mode-node": "3.49.0",
        "@aws-sdk/util-user-agent-browser": "3.49.0",
        "@aws-sdk/util-user-agent-node": "3.49.0",
        "@aws-sdk/util-utf8-browser": "3.49.0",
        "@aws-sdk/util-utf8-node": "3.49.0",
        "@aws-sdk/util-waiter": "3.49.0",
        "tslib": "^2.3.0",
        "uuid": "^8.3.2"
      }
    },
    "@aws-sdk/client-sso": {
      "version": "3.49.0",
      "resolved": "https://registry.npmjs.org/@aws-sdk/client-sso/-/client-sso-3.49.0.tgz",
      "integrity": "sha512-rY8uZo4DeNwwKf+Sx0TX/5ysXJKf+0SQSCTWD9S4a0AjtiaLc6hKCX+sJY43VDHvNYieKtXLDYHBdhhqZKwG+g==",
      "requires": {
        "@aws-crypto/sha256-browser": "2.0.0",
        "@aws-crypto/sha256-js": "2.0.0",
        "@aws-sdk/config-resolver": "3.49.0",
        "@aws-sdk/fetch-http-handler": "3.49.0",
        "@aws-sdk/hash-node": "3.49.0",
        "@aws-sdk/invalid-dependency": "3.49.0",
        "@aws-sdk/middleware-content-length": "3.49.0",
        "@aws-sdk/middleware-host-header": "3.49.0",
        "@aws-sdk/middleware-logger": "3.49.0",
        "@aws-sdk/middleware-retry": "3.49.0",
        "@aws-sdk/middleware-serde": "3.49.0",
        "@aws-sdk/middleware-stack": "3.49.0",
        "@aws-sdk/middleware-user-agent": "3.49.0",
        "@aws-sdk/node-config-provider": "3.49.0",
        "@aws-sdk/node-http-handler": "3.49.0",
        "@aws-sdk/protocol-http": "3.49.0",
        "@aws-sdk/smithy-client": "3.49.0",
        "@aws-sdk/types": "3.49.0",
        "@aws-sdk/url-parser": "3.49.0",
        "@aws-sdk/util-base64-browser": "3.49.0",
        "@aws-sdk/util-base64-node": "3.49.0",
        "@aws-sdk/util-body-length-browser": "3.49.0",
        "@aws-sdk/util-body-length-node": "3.49.0",
        "@aws-sdk/util-defaults-mode-browser": "3.49.0",
        "@aws-sdk/util-defaults-mode-node": "3.49.0",
        "@aws-sdk/util-user-agent-browser": "3.49.0",
        "@aws-sdk/util-user-agent-node": "3.49.0",
        "@aws-sdk/util-utf8-browser": "3.49.0",
        "@aws-sdk/util-utf8-node": "3.49.0",
        "tslib": "^2.3.0"
      }
    },
    "@aws-sdk/client-sts": {
      "version": "3.49.0",
      "resolved": "https://registry.npmjs.org/@aws-sdk/client-sts/-/client-sts-3.49.0.tgz",
      "integrity": "sha512-vqHNCuQriMZV1aeXc6cza5S9A/2zgfNiTelsmbDQdlCiZQ+YL3nTp1WFeYHap4ffYlLOAD0xv0yz/+naV4oHtQ==",
      "requires": {
        "@aws-crypto/sha256-browser": "2.0.0",
        "@aws-crypto/sha256-js": "2.0.0",
        "@aws-sdk/config-resolver": "3.49.0",
        "@aws-sdk/credential-provider-node": "3.49.0",
        "@aws-sdk/fetch-http-handler": "3.49.0",
        "@aws-sdk/hash-node": "3.49.0",
        "@aws-sdk/invalid-dependency": "3.49.0",
        "@aws-sdk/middleware-content-length": "3.49.0",
        "@aws-sdk/middleware-host-header": "3.49.0",
        "@aws-sdk/middleware-logger": "3.49.0",
        "@aws-sdk/middleware-retry": "3.49.0",
        "@aws-sdk/middleware-sdk-sts": "3.49.0",
        "@aws-sdk/middleware-serde": "3.49.0",
        "@aws-sdk/middleware-signing": "3.49.0",
        "@aws-sdk/middleware-stack": "3.49.0",
        "@aws-sdk/middleware-user-agent": "3.49.0",
        "@aws-sdk/node-config-provider": "3.49.0",
        "@aws-sdk/node-http-handler": "3.49.0",
        "@aws-sdk/protocol-http": "3.49.0",
        "@aws-sdk/smithy-client": "3.49.0",
        "@aws-sdk/types": "3.49.0",
        "@aws-sdk/url-parser": "3.49.0",
        "@aws-sdk/util-base64-browser": "3.49.0",
        "@aws-sdk/util-base64-node": "3.49.0",
        "@aws-sdk/util-body-length-browser": "3.49.0",
        "@aws-sdk/util-body-length-node": "3.49.0",
        "@aws-sdk/util-defaults-mode-browser": "3.49.0",
        "@aws-sdk/util-defaults-mode-node": "3.49.0",
        "@aws-sdk/util-user-agent-browser": "3.49.0",
        "@aws-sdk/util-user-agent-node": "3.49.0",
        "@aws-sdk/util-utf8-browser": "3.49.0",
        "@aws-sdk/util-utf8-node": "3.49.0",
        "entities": "2.2.0",
        "fast-xml-parser": "3.19.0",
        "tslib": "^2.3.0"
      }
    },
    "@aws-sdk/config-resolver": {
      "version": "3.49.0",
      "resolved": "https://registry.npmjs.org/@aws-sdk/config-resolver/-/config-resolver-3.49.0.tgz",
      "integrity": "sha512-4kYV+89E9MG+/wfPY3dmwqzquQxNd951jdfjQbSg1ii68X/owqmWda4bLulV0Z4iGUz9TXkbaJCWyRyjsFNe4w==",
      "requires": {
        "@aws-sdk/signature-v4": "3.49.0",
        "@aws-sdk/types": "3.49.0",
        "@aws-sdk/util-config-provider": "3.49.0",
        "tslib": "^2.3.0"
      }
    },
    "@aws-sdk/credential-provider-env": {
      "version": "3.49.0",
      "resolved": "https://registry.npmjs.org/@aws-sdk/credential-provider-env/-/credential-provider-env-3.49.0.tgz",
      "integrity": "sha512-mx82N0un6URmmiM11X3ObK3ka5R99lEFdhwPc0jqsCPnXRVioUtK5DXkJ8FmgixbDcs5Pdij9A8MINSeBrG0bQ==",
      "requires": {
        "@aws-sdk/property-provider": "3.49.0",
        "@aws-sdk/types": "3.49.0",
        "tslib": "^2.3.0"
      }
    },
    "@aws-sdk/credential-provider-imds": {
      "version": "3.49.0",
      "resolved": "https://registry.npmjs.org/@aws-sdk/credential-provider-imds/-/credential-provider-imds-3.49.0.tgz",
      "integrity": "sha512-d/H5VgmRiIupQdPg9QcX16kdvuiS/YytRYCQOncVstNXHvYZM9EgeIXJLXyPNaD2W8SS7CBf4KKWYJn3V+9AZw==",
      "requires": {
        "@aws-sdk/node-config-provider": "3.49.0",
        "@aws-sdk/property-provider": "3.49.0",
        "@aws-sdk/types": "3.49.0",
        "@aws-sdk/url-parser": "3.49.0",
        "tslib": "^2.3.0"
      }
    },
    "@aws-sdk/credential-provider-ini": {
      "version": "3.49.0",
      "resolved": "https://registry.npmjs.org/@aws-sdk/credential-provider-ini/-/credential-provider-ini-3.49.0.tgz",
      "integrity": "sha512-QlWfxDwZVyX36pghgkKGBR+fBmX/mjmvc0kzxUmqGhUYAkDQ0YKR11ybpGBrxBKT4lIOE+9z6Tu4nLjp3OlJIg==",
      "requires": {
        "@aws-sdk/credential-provider-env": "3.49.0",
        "@aws-sdk/credential-provider-imds": "3.49.0",
        "@aws-sdk/credential-provider-sso": "3.49.0",
        "@aws-sdk/credential-provider-web-identity": "3.49.0",
        "@aws-sdk/property-provider": "3.49.0",
        "@aws-sdk/shared-ini-file-loader": "3.49.0",
        "@aws-sdk/types": "3.49.0",
        "@aws-sdk/util-credentials": "3.49.0",
        "tslib": "^2.3.0"
      }
    },
    "@aws-sdk/credential-provider-node": {
      "version": "3.49.0",
      "resolved": "https://registry.npmjs.org/@aws-sdk/credential-provider-node/-/credential-provider-node-3.49.0.tgz",
      "integrity": "sha512-DonoqOZHcqfNuwMG1fGJpHJTqf1QinihRKzlOoUWzmseqBCiuagGouSN7nOQgee5BrzF0X9/nao9lnPc4on2TA==",
      "requires": {
        "@aws-sdk/credential-provider-env": "3.49.0",
        "@aws-sdk/credential-provider-imds": "3.49.0",
        "@aws-sdk/credential-provider-ini": "3.49.0",
        "@aws-sdk/credential-provider-process": "3.49.0",
        "@aws-sdk/credential-provider-sso": "3.49.0",
        "@aws-sdk/credential-provider-web-identity": "3.49.0",
        "@aws-sdk/property-provider": "3.49.0",
        "@aws-sdk/shared-ini-file-loader": "3.49.0",
        "@aws-sdk/types": "3.49.0",
        "@aws-sdk/util-credentials": "3.49.0",
        "tslib": "^2.3.0"
      }
    },
    "@aws-sdk/credential-provider-process": {
      "version": "3.49.0",
      "resolved": "https://registry.npmjs.org/@aws-sdk/credential-provider-process/-/credential-provider-process-3.49.0.tgz",
      "integrity": "sha512-Zn7CJHoXln8O+yBKdTBvcwCz6GDh48s7HtIsqjoOrqoL0oZWhgy8gn8S9KQ+HIqpiO8N0lMMteXuPl5fbC2zGg==",
      "requires": {
        "@aws-sdk/property-provider": "3.49.0",
        "@aws-sdk/shared-ini-file-loader": "3.49.0",
        "@aws-sdk/types": "3.49.0",
        "@aws-sdk/util-credentials": "3.49.0",
        "tslib": "^2.3.0"
      }
    },
    "@aws-sdk/credential-provider-sso": {
      "version": "3.49.0",
      "resolved": "https://registry.npmjs.org/@aws-sdk/credential-provider-sso/-/credential-provider-sso-3.49.0.tgz",
      "integrity": "sha512-sFTqbQOyGR88K10Y1OgauEPKDmEibxtAkLSFjkJ6Yw/Jyp+lftchoa+TxRrNvDY1zjZX+XauVI6UmD5Pi4E1NQ==",
      "requires": {
        "@aws-sdk/client-sso": "3.49.0",
        "@aws-sdk/property-provider": "3.49.0",
        "@aws-sdk/shared-ini-file-loader": "3.49.0",
        "@aws-sdk/types": "3.49.0",
        "@aws-sdk/util-credentials": "3.49.0",
        "tslib": "^2.3.0"
      }
    },
    "@aws-sdk/credential-provider-web-identity": {
      "version": "3.49.0",
      "resolved": "https://registry.npmjs.org/@aws-sdk/credential-provider-web-identity/-/credential-provider-web-identity-3.49.0.tgz",
      "integrity": "sha512-mlIHUTn04unB0HEwEO12YIY5848uE9B+gYI+YwlNZ70KXGs3lj2horOgPgbxeIfulCVw0aRTKChUg2ActTosYg==",
      "requires": {
        "@aws-sdk/property-provider": "3.49.0",
        "@aws-sdk/types": "3.49.0",
        "tslib": "^2.3.0"
      }
    },
    "@aws-sdk/fetch-http-handler": {
      "version": "3.49.0",
      "resolved": "https://registry.npmjs.org/@aws-sdk/fetch-http-handler/-/fetch-http-handler-3.49.0.tgz",
      "integrity": "sha512-ougJRsvoIGP0qTgHSGVF1B5Ui95Y/SP5CpY/y6B8vMGrwJ+MmvcCUE3Qd2UJGjO1PfUneno8PHK4u5x7hc2ceA==",
      "requires": {
        "@aws-sdk/protocol-http": "3.49.0",
        "@aws-sdk/querystring-builder": "3.49.0",
        "@aws-sdk/types": "3.49.0",
        "@aws-sdk/util-base64-browser": "3.49.0",
        "tslib": "^2.3.0"
      }
    },
    "@aws-sdk/hash-node": {
      "version": "3.49.0",
      "resolved": "https://registry.npmjs.org/@aws-sdk/hash-node/-/hash-node-3.49.0.tgz",
      "integrity": "sha512-nRNCmSkcJOzWzKU6NihlKW/6H1HxaaBjUe9ETnwWIgwPC7NZ6IWtri48Cf7Itvveu3dln3ZM2WSXN20TlQpuBw==",
      "requires": {
        "@aws-sdk/types": "3.49.0",
        "@aws-sdk/util-buffer-from": "3.49.0",
        "tslib": "^2.3.0"
      }
    },
    "@aws-sdk/invalid-dependency": {
      "version": "3.49.0",
      "resolved": "https://registry.npmjs.org/@aws-sdk/invalid-dependency/-/invalid-dependency-3.49.0.tgz",
      "integrity": "sha512-MXf/9l/Oiy+KGKDvInv0RT4rtS+iNftYRTlTmUn3RR74Kz8Fvw+O0RcUjzSrNn5SpjCf/UsGrF+KBTm2gFYQCA==",
      "requires": {
        "@aws-sdk/types": "3.49.0",
        "tslib": "^2.3.0"
      }
    },
    "@aws-sdk/is-array-buffer": {
      "version": "3.49.0",
      "resolved": "https://registry.npmjs.org/@aws-sdk/is-array-buffer/-/is-array-buffer-3.49.0.tgz",
      "integrity": "sha512-tLba+xvlm1+aAnv+bGieVZo8DCENbqfS9kLf/hp+9hrUSiNAsxs9Pqi34JBpMKGn6h9qORp6f8ClRS+gK8yvWg==",
      "requires": {
        "tslib": "^2.3.0"
      }
    },
    "@aws-sdk/middleware-content-length": {
      "version": "3.49.0",
      "resolved": "https://registry.npmjs.org/@aws-sdk/middleware-content-length/-/middleware-content-length-3.49.0.tgz",
      "integrity": "sha512-7IaghPT7X92gNoyn9LzZj4V5YpGPDCYQTWhpzZoIlw88vOR4I0zKg7jwYeElRoNfRCI4OYhF26ajKnNHzNMlbA==",
      "requires": {
        "@aws-sdk/protocol-http": "3.49.0",
        "@aws-sdk/types": "3.49.0",
        "tslib": "^2.3.0"
      }
    },
    "@aws-sdk/middleware-host-header": {
      "version": "3.49.0",
      "resolved": "https://registry.npmjs.org/@aws-sdk/middleware-host-header/-/middleware-host-header-3.49.0.tgz",
      "integrity": "sha512-5l1ILqHs2mGqNvJb5mRe7hHbTQOO292jghE/LItpNx2tiu7BBGzP1bslHcyEVYoRBX9Oqyfou7s9Ww2yBWtImQ==",
      "requires": {
        "@aws-sdk/protocol-http": "3.49.0",
        "@aws-sdk/types": "3.49.0",
        "tslib": "^2.3.0"
      }
    },
    "@aws-sdk/middleware-logger": {
      "version": "3.49.0",
      "resolved": "https://registry.npmjs.org/@aws-sdk/middleware-logger/-/middleware-logger-3.49.0.tgz",
      "integrity": "sha512-OicQ0w5sCJXgpeZ+t3XeJA2R/09YfuSe53Ma6aWZm/2/r8vG/SW0yAnwFvwJeCm3DKtBxU1qO2eWhFqvJuWRVA==",
      "requires": {
        "@aws-sdk/types": "3.49.0",
        "tslib": "^2.3.0"
      }
    },
    "@aws-sdk/middleware-retry": {
      "version": "3.49.0",
      "resolved": "https://registry.npmjs.org/@aws-sdk/middleware-retry/-/middleware-retry-3.49.0.tgz",
      "integrity": "sha512-RSS4R4PNULHA1b1eYR50YPPfOV2jRuXgLNLVVYMEzzC23MabKEXJYPge+pI1Q9rRrbahVj7aQcOTSpT0MsiEeA==",
      "requires": {
        "@aws-sdk/protocol-http": "3.49.0",
        "@aws-sdk/service-error-classification": "3.49.0",
        "@aws-sdk/types": "3.49.0",
        "tslib": "^2.3.0",
        "uuid": "^8.3.2"
      }
    },
    "@aws-sdk/middleware-sdk-sts": {
      "version": "3.49.0",
      "resolved": "https://registry.npmjs.org/@aws-sdk/middleware-sdk-sts/-/middleware-sdk-sts-3.49.0.tgz",
      "integrity": "sha512-ZnLV37HKpMdK2x+69ZNqAqKr8rmweyMc//yZQRLtUKpKyQ/XSr0/KUBZXkgIny27aaBsrkplA5g1X2GrClRRZA==",
      "requires": {
        "@aws-sdk/middleware-signing": "3.49.0",
        "@aws-sdk/property-provider": "3.49.0",
        "@aws-sdk/protocol-http": "3.49.0",
        "@aws-sdk/signature-v4": "3.49.0",
        "@aws-sdk/types": "3.49.0",
        "tslib": "^2.3.0"
      }
    },
    "@aws-sdk/middleware-serde": {
      "version": "3.49.0",
      "resolved": "https://registry.npmjs.org/@aws-sdk/middleware-serde/-/middleware-serde-3.49.0.tgz",
      "integrity": "sha512-bMAlwR19uFUZ4om+U+/vnPvkcyYw83HdtERF9wrjAqNUnqYsifA0xn4R7Sakg6CW8V0h82dsST6zVfmHd+E2VA==",
      "requires": {
        "@aws-sdk/types": "3.49.0",
        "tslib": "^2.3.0"
      }
    },
    "@aws-sdk/middleware-signing": {
      "version": "3.49.0",
      "resolved": "https://registry.npmjs.org/@aws-sdk/middleware-signing/-/middleware-signing-3.49.0.tgz",
      "integrity": "sha512-9p0xZjxV9zEQdOpA4MtzmblPRUgchevg5Q70E23yAU/Wjwzwf/6J93cUxdcS8HnmOIl0zQjJaYMTcBsvgJF1eg==",
      "requires": {
        "@aws-sdk/property-provider": "3.49.0",
        "@aws-sdk/protocol-http": "3.49.0",
        "@aws-sdk/signature-v4": "3.49.0",
        "@aws-sdk/types": "3.49.0",
        "tslib": "^2.3.0"
      }
    },
    "@aws-sdk/middleware-stack": {
      "version": "3.49.0",
      "resolved": "https://registry.npmjs.org/@aws-sdk/middleware-stack/-/middleware-stack-3.49.0.tgz",
      "integrity": "sha512-OZxs2P7EH58gkvkTI7ESlUPGam0TkE0ZxOX35KjCOcYMuWvTMshKBzHRLX64nz3DYdaHSIGHgB1v8LKELZjltw==",
      "requires": {
        "tslib": "^2.3.0"
      }
    },
    "@aws-sdk/middleware-user-agent": {
      "version": "3.49.0",
      "resolved": "https://registry.npmjs.org/@aws-sdk/middleware-user-agent/-/middleware-user-agent-3.49.0.tgz",
      "integrity": "sha512-uAcKgafZ12L8UnyeQGgSFtwOKUfiBWDLt4P2fEHvZRz/HAIcK4pu1PXPArjwteinhUiCDNFfPw8hAPvstMoG6w==",
      "requires": {
        "@aws-sdk/protocol-http": "3.49.0",
        "@aws-sdk/types": "3.49.0",
        "tslib": "^2.3.0"
      }
    },
    "@aws-sdk/node-config-provider": {
      "version": "3.49.0",
      "resolved": "https://registry.npmjs.org/@aws-sdk/node-config-provider/-/node-config-provider-3.49.0.tgz",
      "integrity": "sha512-OCn5c6M/RJDEO80Q+Iy4ADSYgqd/uyEsvp+7lU4di4bMND9kYT4JO2ky2SWjIuARGq/mhMOhaN2DO9MbcqV20g==",
      "requires": {
        "@aws-sdk/property-provider": "3.49.0",
        "@aws-sdk/shared-ini-file-loader": "3.49.0",
        "@aws-sdk/types": "3.49.0",
        "tslib": "^2.3.0"
      }
    },
    "@aws-sdk/node-http-handler": {
      "version": "3.49.0",
      "resolved": "https://registry.npmjs.org/@aws-sdk/node-http-handler/-/node-http-handler-3.49.0.tgz",
      "integrity": "sha512-t7D9hoSigBihC9RRgYrkzgSER0fYzZe7192pJAaP6jk13ZOpccQRfXZoKge/cm42aHJsTy8DdQdGtLg7wLTp0g==",
      "requires": {
        "@aws-sdk/abort-controller": "3.49.0",
        "@aws-sdk/protocol-http": "3.49.0",
        "@aws-sdk/querystring-builder": "3.49.0",
        "@aws-sdk/types": "3.49.0",
        "tslib": "^2.3.0"
      }
    },
    "@aws-sdk/property-provider": {
      "version": "3.49.0",
      "resolved": "https://registry.npmjs.org/@aws-sdk/property-provider/-/property-provider-3.49.0.tgz",
      "integrity": "sha512-6D48YpriOUpniezVuRI8J+MG+vgwb5C1SzBdgN4+S6DqbsEZy+kdEubXdoMICEd+Z8h7lH3p5zMr6po0icGCfA==",
      "requires": {
        "@aws-sdk/types": "3.49.0",
        "tslib": "^2.3.0"
      }
    },
    "@aws-sdk/protocol-http": {
      "version": "3.49.0",
      "resolved": "https://registry.npmjs.org/@aws-sdk/protocol-http/-/protocol-http-3.49.0.tgz",
      "integrity": "sha512-lb9CO7/vm26v4UwveWb4jSapqWWP/p0b9SuHpRExq+yMuvHqwxcoGrxmvS7FsanWbepRF1895dxU/Ar6/4pviA==",
      "requires": {
        "@aws-sdk/types": "3.49.0",
        "tslib": "^2.3.0"
      }
    },
    "@aws-sdk/querystring-builder": {
      "version": "3.49.0",
      "resolved": "https://registry.npmjs.org/@aws-sdk/querystring-builder/-/querystring-builder-3.49.0.tgz",
      "integrity": "sha512-+NlgIYihVyUetZcrF1ADY0eg8WW1/ETD5bzTwguTiKduXVHmavSakXK1jJF5vg05mefljToZXjQnOaEs9+K9LA==",
      "requires": {
        "@aws-sdk/types": "3.49.0",
        "@aws-sdk/util-uri-escape": "3.49.0",
        "tslib": "^2.3.0"
      }
    },
    "@aws-sdk/querystring-parser": {
      "version": "3.49.0",
      "resolved": "https://registry.npmjs.org/@aws-sdk/querystring-parser/-/querystring-parser-3.49.0.tgz",
      "integrity": "sha512-4bSCHI5A8wi+JjsD1gAhMuGRGjDmlw6MoMWUiv4R2J8Ow/9mV8biKRo2ZytUPiSSu4G5JQ7mEkqFsm/VgkstDQ==",
      "requires": {
        "@aws-sdk/types": "3.49.0",
        "tslib": "^2.3.0"
      }
    },
    "@aws-sdk/service-error-classification": {
      "version": "3.49.0",
      "resolved": "https://registry.npmjs.org/@aws-sdk/service-error-classification/-/service-error-classification-3.49.0.tgz",
      "integrity": "sha512-iVmf7RcrIsM/We5ip8fe14RzEpSLF5eN8oqhCMftEdmMVnOYMd/9x0f1w69fbyBJNIIpyREqM8eAKz5OWQn5/g=="
    },
    "@aws-sdk/shared-ini-file-loader": {
      "version": "3.49.0",
      "resolved": "https://registry.npmjs.org/@aws-sdk/shared-ini-file-loader/-/shared-ini-file-loader-3.49.0.tgz",
      "integrity": "sha512-TcgKU6U/3JZpenRFhGSy5R5QsBWkYoeawTK1rTK6deu3UbxVwtOkietbfwP3kIwKZ4hz6OkNeHcOJtXX/InZKw==",
      "requires": {
        "tslib": "^2.3.0"
      }
    },
    "@aws-sdk/signature-v4": {
      "version": "3.49.0",
      "resolved": "https://registry.npmjs.org/@aws-sdk/signature-v4/-/signature-v4-3.49.0.tgz",
      "integrity": "sha512-mQSGclWmv/9/MsgthBuKMHN6nkkhGTLXspkhqJ9xSUhjhoaHQVwMoJc39PowJGbYFn1AtCvHAqJtFXTGsMRwPA==",
      "requires": {
        "@aws-sdk/is-array-buffer": "3.49.0",
        "@aws-sdk/types": "3.49.0",
        "@aws-sdk/util-hex-encoding": "3.49.0",
        "@aws-sdk/util-uri-escape": "3.49.0",
        "tslib": "^2.3.0"
      }
    },
    "@aws-sdk/smithy-client": {
      "version": "3.49.0",
      "resolved": "https://registry.npmjs.org/@aws-sdk/smithy-client/-/smithy-client-3.49.0.tgz",
      "integrity": "sha512-ANh9SlEvuru1DcalVoQ7K6wSCYuw4jyeTsIDsJSa13ckrmXAg+ql9vq61ELAXTSNVmuAISuuPjbVaWvOYCtdCQ==",
      "requires": {
        "@aws-sdk/middleware-stack": "3.49.0",
        "@aws-sdk/types": "3.49.0",
        "tslib": "^2.3.0"
      }
    },
    "@aws-sdk/types": {
      "version": "3.49.0",
      "resolved": "https://registry.npmjs.org/@aws-sdk/types/-/types-3.49.0.tgz",
      "integrity": "sha512-8bCqEpquTlPN6xkjaJ+s+RoEFIu5r4G8oXOsQ5HYBvBdpx62HnCqzHLFNHycL2b8sE+VysQgNvmdQYR98vdMGQ=="
    },
    "@aws-sdk/url-parser": {
      "version": "3.49.0",
      "resolved": "https://registry.npmjs.org/@aws-sdk/url-parser/-/url-parser-3.49.0.tgz",
      "integrity": "sha512-l5td6eu+sIjzNsZYVGr7Mz6vssf2j/8/QrrTYF76J2R6OoceCsKdyJgJPP/tXBdcp4HUZDdVcMqtWRbxGC4izQ==",
      "requires": {
        "@aws-sdk/querystring-parser": "3.49.0",
        "@aws-sdk/types": "3.49.0",
        "tslib": "^2.3.0"
      }
    },
    "@aws-sdk/util-base64-browser": {
      "version": "3.49.0",
      "resolved": "https://registry.npmjs.org/@aws-sdk/util-base64-browser/-/util-base64-browser-3.49.0.tgz",
      "integrity": "sha512-HFXJbsJC6AfrnO9M8KuFDo4ihvLbCbCFCfpWy0Gs4t8kTcvGqH8fIpfVsQKAtFHMmb8fen2LduOk+NNSA7srYw==",
      "requires": {
        "tslib": "^2.3.0"
      }
    },
    "@aws-sdk/util-base64-node": {
      "version": "3.49.0",
      "resolved": "https://registry.npmjs.org/@aws-sdk/util-base64-node/-/util-base64-node-3.49.0.tgz",
      "integrity": "sha512-xFAzOLZJOEZipG3KVLjB5z1g5PJSi6cmZOGWg2NC2/H5N0/Z+e5ObnIH8mpfO1d6kWchUuo3qJ6fTOvg/ynw7A==",
      "requires": {
        "@aws-sdk/util-buffer-from": "3.49.0",
        "tslib": "^2.3.0"
      }
    },
    "@aws-sdk/util-body-length-browser": {
      "version": "3.49.0",
      "resolved": "https://registry.npmjs.org/@aws-sdk/util-body-length-browser/-/util-body-length-browser-3.49.0.tgz",
      "integrity": "sha512-4a9Bw33JGKefaZDORlosQRMKxJGEYEiDD5kgNvwIv+KRl5yj2unePia6aFWMqXTWqidOb9WVlqc0Lh73ei5pTg==",
      "requires": {
        "tslib": "^2.3.0"
      }
    },
    "@aws-sdk/util-body-length-node": {
      "version": "3.49.0",
      "resolved": "https://registry.npmjs.org/@aws-sdk/util-body-length-node/-/util-body-length-node-3.49.0.tgz",
      "integrity": "sha512-ME5Sc8jo9BzToUjWskQKZM/NqN9PpwRDTOSH6EISDBUiH5bhWfY8MLkZqIN2UZz/XOiV3yOeWAU+fMYNnGdAQQ==",
      "requires": {
        "tslib": "^2.3.0"
      }
    },
    "@aws-sdk/util-buffer-from": {
      "version": "3.49.0",
      "resolved": "https://registry.npmjs.org/@aws-sdk/util-buffer-from/-/util-buffer-from-3.49.0.tgz",
      "integrity": "sha512-8JbIPYn91f+16QpDk000PdIBlBZu8/SoL1nF2fpAJ+M98jXpKUws3oiCztJ2FPIKRe/3ikKuZM4HxWrDyJa40Q==",
      "requires": {
        "@aws-sdk/is-array-buffer": "3.49.0",
        "tslib": "^2.3.0"
      }
    },
    "@aws-sdk/util-config-provider": {
      "version": "3.49.0",
      "resolved": "https://registry.npmjs.org/@aws-sdk/util-config-provider/-/util-config-provider-3.49.0.tgz",
      "integrity": "sha512-oVGT9q9UIGdv9Cra4B51QNciWKYQXTlfh8oD2FgLp91NbGTIkQLvK7Pah4TbBoa5+0u/obBI07UwCVn7wphWBQ==",
      "requires": {
        "tslib": "^2.3.0"
      }
    },
    "@aws-sdk/util-credentials": {
      "version": "3.49.0",
      "resolved": "https://registry.npmjs.org/@aws-sdk/util-credentials/-/util-credentials-3.49.0.tgz",
      "integrity": "sha512-RzbKeuylb56m0zPuLGl5/TkN07+c4PKhZu3hikpsvN8n8n7aFHWPUus63QEGgVaUMCZD0QV6HqJfsCVVFF7UIg==",
      "requires": {
        "@aws-sdk/shared-ini-file-loader": "3.49.0",
        "tslib": "^2.3.0"
      }
    },
    "@aws-sdk/util-defaults-mode-browser": {
      "version": "3.49.0",
      "resolved": "https://registry.npmjs.org/@aws-sdk/util-defaults-mode-browser/-/util-defaults-mode-browser-3.49.0.tgz",
      "integrity": "sha512-MNOvFET5TNBHgvsmfcLuxVDDUV0OIjE1lxrdbXWol7bMgLc2uL3/QOXWKCOUzcFCqTOnWCvbnwkOjs3f7Dpzmw==",
      "requires": {
        "@aws-sdk/property-provider": "3.49.0",
        "@aws-sdk/types": "3.49.0",
        "bowser": "^2.11.0",
        "tslib": "^2.3.0"
      }
    },
    "@aws-sdk/util-defaults-mode-node": {
      "version": "3.49.0",
      "resolved": "https://registry.npmjs.org/@aws-sdk/util-defaults-mode-node/-/util-defaults-mode-node-3.49.0.tgz",
      "integrity": "sha512-bd5/ZJlNIX25n83mvcCh9eYQiDdf6gLHNH6ZftA/EbFfkE0o/qHrFhBhiB9HBY9ZoHhtoqrJNv5W9qKFHx1EIA==",
      "requires": {
        "@aws-sdk/config-resolver": "3.49.0",
        "@aws-sdk/credential-provider-imds": "3.49.0",
        "@aws-sdk/node-config-provider": "3.49.0",
        "@aws-sdk/property-provider": "3.49.0",
        "@aws-sdk/types": "3.49.0",
        "tslib": "^2.3.0"
      }
    },
    "@aws-sdk/util-hex-encoding": {
      "version": "3.49.0",
      "resolved": "https://registry.npmjs.org/@aws-sdk/util-hex-encoding/-/util-hex-encoding-3.49.0.tgz",
      "integrity": "sha512-ZbPu8Dd3Qm0BMP71FWUH7KPpZA/6izfkDlxbvHxtHdW7XYZALuJ0cVRpWGIY2fCSuA9X8Jfn60KMyjuSAuzM1w==",
      "requires": {
        "tslib": "^2.3.0"
      }
    },
    "@aws-sdk/util-locate-window": {
      "version": "3.49.0",
      "resolved": "https://registry.npmjs.org/@aws-sdk/util-locate-window/-/util-locate-window-3.49.0.tgz",
      "integrity": "sha512-ryw+t+quF1raaK0nXSplMiCVnahNLNgNDijZCFFkddGTMaCy+L4VRLYyNms3bgwt3G0BmVn9f3uyDWRSkn5sSg==",
      "requires": {
        "tslib": "^2.3.0"
      }
    },
    "@aws-sdk/util-uri-escape": {
      "version": "3.49.0",
      "resolved": "https://registry.npmjs.org/@aws-sdk/util-uri-escape/-/util-uri-escape-3.49.0.tgz",
      "integrity": "sha512-NH7iQUYvijYZEOzZkF/QQrp8kBOA9H0Z89hR/63FDCjr1M0Cdcs1bLaFO0a0qbW9NQtoYNsMBMk7pTveDrAzTw==",
      "requires": {
        "tslib": "^2.3.0"
      }
    },
    "@aws-sdk/util-user-agent-browser": {
      "version": "3.49.0",
      "resolved": "https://registry.npmjs.org/@aws-sdk/util-user-agent-browser/-/util-user-agent-browser-3.49.0.tgz",
      "integrity": "sha512-RR4E6WlDSu9SivPjx/Jddo87PeVg6dhRL0XGdDBpew7i8bfwqCvxQydkbWIetxucLrt9zII9QnLDQUPBue1xUw==",
      "requires": {
        "@aws-sdk/types": "3.49.0",
        "bowser": "^2.11.0",
        "tslib": "^2.3.0"
      }
    },
    "@aws-sdk/util-user-agent-node": {
      "version": "3.49.0",
      "resolved": "https://registry.npmjs.org/@aws-sdk/util-user-agent-node/-/util-user-agent-node-3.49.0.tgz",
      "integrity": "sha512-ixUkF6kcDfsWO0kivyOKAnBITJm7InGa04ALbgAfuuE7RU1cVkXVMFIn5vux7QkziK7+JwozM9SNPIwNukElDw==",
      "requires": {
        "@aws-sdk/node-config-provider": "3.49.0",
        "@aws-sdk/types": "3.49.0",
        "tslib": "^2.3.0"
      }
    },
    "@aws-sdk/util-utf8-browser": {
      "version": "3.49.0",
      "resolved": "https://registry.npmjs.org/@aws-sdk/util-utf8-browser/-/util-utf8-browser-3.49.0.tgz",
      "integrity": "sha512-u9ZgAiTWX9yZFQ/ptlnVpYJ/rXF7aE2Wagar1IjhZrnxXbpVJvcX1EeRayxI1P5AAp2y2fiEKHZzX9ugTwOcEg==",
      "requires": {
        "tslib": "^2.3.0"
      }
    },
    "@aws-sdk/util-utf8-node": {
      "version": "3.49.0",
      "resolved": "https://registry.npmjs.org/@aws-sdk/util-utf8-node/-/util-utf8-node-3.49.0.tgz",
      "integrity": "sha512-QTF5b5OT2y6xsQl8sDiiXqg2n/VtgqFA+tP3WMooOSFd/ZFBbT6HoiSHXHMeTjpB/L9ZT+eUaCoBz8Jq09lBDg==",
      "requires": {
        "@aws-sdk/util-buffer-from": "3.49.0",
        "tslib": "^2.3.0"
      }
    },
    "@aws-sdk/util-waiter": {
      "version": "3.49.0",
      "resolved": "https://registry.npmjs.org/@aws-sdk/util-waiter/-/util-waiter-3.49.0.tgz",
      "integrity": "sha512-eKrKOLcIhjA/MyjIfwgLL6ZUfGYf6VxBXryuRf8CmJKAo71ZO6ipAsy1X3uYrfwQQBMKV4VZu48BJx5PUBM7GA==",
      "requires": {
        "@aws-sdk/abort-controller": "3.49.0",
        "@aws-sdk/types": "3.49.0",
        "tslib": "^2.3.0"
      }
    },
    "@types/body-parser": {
      "version": "1.19.2",
      "resolved": "https://registry.npmjs.org/@types/body-parser/-/body-parser-1.19.2.tgz",
      "integrity": "sha512-ALYone6pm6QmwZoAgeyNksccT9Q4AWZQ6PvfwR37GT6r6FWUPguq6sUmNGSMV2Wr761oQoBxwGGa6DR5o1DC9g==",
      "requires": {
        "@types/connect": "*",
        "@types/node": "*"
      }
    },
    "@types/cls-hooked": {
      "version": "4.3.3",
      "resolved": "https://registry.npmjs.org/@types/cls-hooked/-/cls-hooked-4.3.3.tgz",
      "integrity": "sha512-gNstDTb/ty5h6gJd6YpSPgsLX9LmRpaKJqGFp7MRlYxhwp4vXXKlJ9+bt1TZ9KbVNXE+Mbxy2AYXcpY21DDtJw==",
      "requires": {
        "@types/node": "*"
      }
    },
    "@types/connect": {
      "version": "3.4.35",
      "resolved": "https://registry.npmjs.org/@types/connect/-/connect-3.4.35.tgz",
      "integrity": "sha512-cdeYyv4KWoEgpBISTxWvqYsVy444DOqehiF3fM3ne10AmJ62RSyNkUnxMJXHQWRQQX2eR94m5y1IZyDwBjV9FQ==",
      "requires": {
        "@types/node": "*"
      }
    },
    "@types/express": {
      "version": "4.17.13",
      "resolved": "https://registry.npmjs.org/@types/express/-/express-4.17.13.tgz",
      "integrity": "sha512-6bSZTPaTIACxn48l50SR+axgrqm6qXFIxrdAKaG6PaJk3+zuUr35hBlgT7vOmJcum+OEaIBLtHV/qloEAFITeA==",
      "requires": {
        "@types/body-parser": "*",
        "@types/express-serve-static-core": "^4.17.18",
        "@types/qs": "*",
        "@types/serve-static": "*"
      }
    },
    "@types/express-serve-static-core": {
      "version": "4.17.28",
      "resolved": "https://registry.npmjs.org/@types/express-serve-static-core/-/express-serve-static-core-4.17.28.tgz",
      "integrity": "sha512-P1BJAEAW3E2DJUlkgq4tOL3RyMunoWXqbSCygWo5ZIWTjUgN1YnaXWW4VWl/oc8vs/XoYibEGBKP0uZyF4AHig==",
      "requires": {
        "@types/node": "*",
        "@types/qs": "*",
        "@types/range-parser": "*"
      }
    },
    "@types/mime": {
      "version": "1.3.2",
      "resolved": "https://registry.npmjs.org/@types/mime/-/mime-1.3.2.tgz",
      "integrity": "sha512-YATxVxgRqNH6nHEIsvg6k2Boc1JHI9ZbH5iWFFv/MTkchz3b1ieGDa5T0a9RznNdI0KhVbdbWSN+KWWrQZRxTw=="
    },
    "@types/mysql": {
      "version": "2.15.20",
      "resolved": "https://registry.npmjs.org/@types/mysql/-/mysql-2.15.20.tgz",
      "integrity": "sha512-QyOqSRhe540jmdg3AqiS8AbCDvSwDgxAJcsBkMqDQw0y87OQla7y8RFW/MYcUUHBFi1AZrRYkjzSAL/bfCKMuQ==",
      "requires": {
        "@types/node": "*"
      }
    },
    "@types/node": {
      "version": "17.0.13",
      "resolved": "https://registry.npmjs.org/@types/node/-/node-17.0.13.tgz",
      "integrity": "sha512-Y86MAxASe25hNzlDbsviXl8jQHb0RDvKt4c40ZJQ1Don0AAL0STLZSs4N+6gLEO55pedy7r2cLwS+ZDxPm/2Bw=="
    },
    "@types/pg": {
      "version": "8.6.4",
      "resolved": "https://registry.npmjs.org/@types/pg/-/pg-8.6.4.tgz",
      "integrity": "sha512-uYA7UMVzDFpJobCrqwW/iWkFmvizy6knIUgr0Quaw7K1Le3ZnF7hI3bKqFoxPZ+fju1Sc7zdTvOl9YfFZPcmeA==",
      "requires": {
        "@types/node": "*",
        "pg-protocol": "*",
        "pg-types": "^2.2.0"
      }
    },
    "@types/qs": {
      "version": "6.9.7",
      "resolved": "https://registry.npmjs.org/@types/qs/-/qs-6.9.7.tgz",
      "integrity": "sha512-FGa1F62FT09qcrueBA6qYTrJPVDzah9a+493+o2PCXsesWHIn27G98TsSMs3WPNbZIEj4+VJf6saSFpvD+3Zsw=="
    },
    "@types/range-parser": {
      "version": "1.2.4",
      "resolved": "https://registry.npmjs.org/@types/range-parser/-/range-parser-1.2.4.tgz",
      "integrity": "sha512-EEhsLsD6UsDM1yFhAvy0Cjr6VwmpMWqFBCb9w07wVugF7w9nfajxLuVmngTIpgS6svCnm6Vaw+MZhoDCKnOfsw=="
    },
    "@types/serve-static": {
      "version": "1.13.10",
      "resolved": "https://registry.npmjs.org/@types/serve-static/-/serve-static-1.13.10.tgz",
      "integrity": "sha512-nCkHGI4w7ZgAdNkrEu0bv+4xNV/XDqW+DydknebMOQwkpDGx8G+HTlj7R7ABI8i8nKxVw0wtKPi1D+lPOkh4YQ==",
      "requires": {
        "@types/mime": "^1",
        "@types/node": "*"
      }
    },
    "async-hook-jl": {
      "version": "1.7.6",
      "resolved": "https://registry.npmjs.org/async-hook-jl/-/async-hook-jl-1.7.6.tgz",
      "integrity": "sha512-gFaHkFfSxTjvoxDMYqDuGHlcRyUuamF8s+ZTtJdDzqjws4mCt7v0vuV79/E2Wr2/riMQgtG4/yUtXWs1gZ7JMg==",
      "requires": {
        "stack-chain": "^1.3.7"
      }
    },
    "atomic-batcher": {
      "version": "1.0.2",
      "resolved": "https://registry.npmjs.org/atomic-batcher/-/atomic-batcher-1.0.2.tgz",
      "integrity": "sha1-0WkB0QzOxZUWwZe5zNiTBom4E7Q="
    },
    "aws-xray-sdk": {
      "version": "3.3.4",
      "resolved": "https://registry.npmjs.org/aws-xray-sdk/-/aws-xray-sdk-3.3.4.tgz",
      "integrity": "sha512-687fHnqLiHkzqvwot4mFnhKUiBSOimOoLEoZ/NCRBwrLN1lhtd6TD5QEr7o7GmMfOcwfcuEJGqZE1X3cLkDovA==",
      "requires": {
        "aws-xray-sdk-core": "3.3.4",
        "aws-xray-sdk-express": "3.3.4",
        "aws-xray-sdk-mysql": "3.3.4",
        "aws-xray-sdk-postgres": "3.3.4"
      }
    },
    "aws-xray-sdk-core": {
      "version": "3.3.4",
      "resolved": "https://registry.npmjs.org/aws-xray-sdk-core/-/aws-xray-sdk-core-3.3.4.tgz",
      "integrity": "sha512-GGnYAQgtclLHIBReOtsUgbDDCar0LR2TaHCWlQhPrEVVayrSAZQ4y+SlXN5YIadxMec4/f5dbF69wMbug9D5Ww==",
      "requires": {
        "@aws-sdk/service-error-classification": "^3.4.1",
        "@aws-sdk/types": "^3.4.1",
        "@types/cls-hooked": "^4.3.3",
        "atomic-batcher": "^1.0.2",
        "cls-hooked": "^4.2.2",
        "semver": "^5.3.0"
      }
    },
    "aws-xray-sdk-express": {
      "version": "3.3.4",
      "resolved": "https://registry.npmjs.org/aws-xray-sdk-express/-/aws-xray-sdk-express-3.3.4.tgz",
      "integrity": "sha512-KHglcAVBW4AygcBui9MSP0XS9+LC9vIpNWcfbDvVwJOB7BjQo3Uvkl+RlvDj/R4jrN/hWXfK40xp6R9GH5B1gQ==",
      "requires": {
        "@types/express": "*"
      }
    },
    "aws-xray-sdk-mysql": {
      "version": "3.3.4",
      "resolved": "https://registry.npmjs.org/aws-xray-sdk-mysql/-/aws-xray-sdk-mysql-3.3.4.tgz",
      "integrity": "sha512-RLrXLHecQdtun+Oe006f4Dg9/gyg6f8xcP6iBJMfwKI/06QCMUR6hErLPwOLsgpic4rm6AVEsTd5XQg/xdkwsQ==",
      "requires": {
        "@types/mysql": "*"
      }
    },
    "aws-xray-sdk-postgres": {
      "version": "3.3.4",
      "resolved": "https://registry.npmjs.org/aws-xray-sdk-postgres/-/aws-xray-sdk-postgres-3.3.4.tgz",
      "integrity": "sha512-A4TDWHQEU1hZdChP0BrXx2oiDaatULgMTaKNpZLtpuGmnkQ2oVx11hsCbjVgZsQxJvL2x8weFIGJyhKoQQ84vw==",
      "requires": {
        "@types/pg": "*"
      }
    },
    "bowser": {
      "version": "2.11.0",
      "resolved": "https://registry.npmjs.org/bowser/-/bowser-2.11.0.tgz",
      "integrity": "sha512-AlcaJBi/pqqJBIQ8U9Mcpc9i8Aqxn88Skv5d+xBX006BY5u8N3mGLHa5Lgppa7L/HfwgwLgZ6NYs+Ag6uUmJRA=="
    },
    "cls-hooked": {
      "version": "4.2.2",
      "resolved": "https://registry.npmjs.org/cls-hooked/-/cls-hooked-4.2.2.tgz",
      "integrity": "sha512-J4Xj5f5wq/4jAvcdgoGsL3G103BtWpZrMo8NEinRltN+xpTZdI+M38pyQqhuFU/P792xkMFvnKSf+Lm81U1bxw==",
      "requires": {
        "async-hook-jl": "^1.7.6",
        "emitter-listener": "^1.0.1",
        "semver": "^5.4.1"
      }
    },
    "emitter-listener": {
      "version": "1.1.2",
      "resolved": "https://registry.npmjs.org/emitter-listener/-/emitter-listener-1.1.2.tgz",
      "integrity": "sha512-Bt1sBAGFHY9DKY+4/2cV6izcKJUf5T7/gkdmkxzX/qv9CcGH8xSwVRW5mtX03SWJtRTWSOpzCuWN9rBFYZepZQ==",
      "requires": {
        "shimmer": "^1.2.0"
      }
    },
    "entities": {
      "version": "2.2.0",
      "resolved": "https://registry.npmjs.org/entities/-/entities-2.2.0.tgz",
      "integrity": "sha512-p92if5Nz619I0w+akJrLZH0MX0Pb5DX39XOwQTtXSdQQOaYH03S1uIQp4mhOZtAXrxq4ViO67YTiLBo2638o9A=="
    },
    "fast-xml-parser": {
      "version": "3.19.0",
      "resolved": "https://registry.npmjs.org/fast-xml-parser/-/fast-xml-parser-3.19.0.tgz",
      "integrity": "sha512-4pXwmBplsCPv8FOY1WRakF970TjNGnGnfbOnLqjlYvMiF1SR3yOHyxMR/YCXpPTOspNF5gwudqktIP4VsWkvBg=="
    },
    "pg-int8": {
      "version": "1.0.1",
      "resolved": "https://registry.npmjs.org/pg-int8/-/pg-int8-1.0.1.tgz",
      "integrity": "sha512-WCtabS6t3c8SkpDBUlb1kjOs7l66xsGdKpIPZsg4wR+B3+u9UAum2odSsF9tnvxg80h4ZxLWMy4pRjOsFIqQpw=="
    },
    "pg-protocol": {
      "version": "1.5.0",
      "resolved": "https://registry.npmjs.org/pg-protocol/-/pg-protocol-1.5.0.tgz",
      "integrity": "sha512-muRttij7H8TqRNu/DxrAJQITO4Ac7RmX3Klyr/9mJEOBeIpgnF8f9jAfRz5d3XwQZl5qBjF9gLsUtMPJE0vezQ=="
    },
    "pg-types": {
      "version": "2.2.0",
      "resolved": "https://registry.npmjs.org/pg-types/-/pg-types-2.2.0.tgz",
      "integrity": "sha512-qTAAlrEsl8s4OiEQY69wDvcMIdQN6wdz5ojQiOy6YRMuynxenON0O5oCpJI6lshc6scgAY8qvJ2On/p+CXY0GA==",
      "requires": {
        "pg-int8": "1.0.1",
        "postgres-array": "~2.0.0",
        "postgres-bytea": "~1.0.0",
        "postgres-date": "~1.0.4",
        "postgres-interval": "^1.1.0"
      }
    },
    "postgres-array": {
      "version": "2.0.0",
      "resolved": "https://registry.npmjs.org/postgres-array/-/postgres-array-2.0.0.tgz",
      "integrity": "sha512-VpZrUqU5A69eQyW2c5CA1jtLecCsN2U/bD6VilrFDWq5+5UIEVO7nazS3TEcHf1zuPYO/sqGvUvW62g86RXZuA=="
    },
    "postgres-bytea": {
      "version": "1.0.0",
      "resolved": "https://registry.npmjs.org/postgres-bytea/-/postgres-bytea-1.0.0.tgz",
      "integrity": "sha1-AntTPAqokOJtFy1Hz5zOzFIazTU="
    },
    "postgres-date": {
      "version": "1.0.7",
      "resolved": "https://registry.npmjs.org/postgres-date/-/postgres-date-1.0.7.tgz",
      "integrity": "sha512-suDmjLVQg78nMK2UZ454hAG+OAW+HQPZ6n++TNDUX+L0+uUlLywnoxJKDou51Zm+zTCjrCl0Nq6J9C5hP9vK/Q=="
    },
    "postgres-interval": {
      "version": "1.2.0",
      "resolved": "https://registry.npmjs.org/postgres-interval/-/postgres-interval-1.2.0.tgz",
      "integrity": "sha512-9ZhXKM/rw350N1ovuWHbGxnGh/SNJ4cnxHiM0rxE4VN41wsg8P8zWn9hv/buK00RP4WvlOyr/RBDiptyxVbkZQ==",
      "requires": {
        "xtend": "^4.0.0"
      }
    },
    "semver": {
      "version": "5.7.1",
      "resolved": "https://registry.npmjs.org/semver/-/semver-5.7.1.tgz",
      "integrity": "sha512-sauaDf/PZdVgrLTNYHRtpXa1iRiKcaebiKQ1BJdpQlWH2lCvexQdX55snPFyK7QzpudqbCI0qXFfOasHdyNDGQ=="
    },
    "shimmer": {
      "version": "1.2.1",
      "resolved": "https://registry.npmjs.org/shimmer/-/shimmer-1.2.1.tgz",
      "integrity": "sha512-sQTKC1Re/rM6XyFM6fIAGHRPVGvyXfgzIDvzoq608vM+jeyVD0Tu1E6Np0Kc2zAIFWIj963V2800iF/9LPieQw=="
    },
    "stack-chain": {
      "version": "1.3.7",
      "resolved": "https://registry.npmjs.org/stack-chain/-/stack-chain-1.3.7.tgz",
      "integrity": "sha1-0ZLJ/06moiyUxN1FkXHj8AzqEoU="
    },
    "tslib": {
      "version": "2.3.1",
      "resolved": "https://registry.npmjs.org/tslib/-/tslib-2.3.1.tgz",
      "integrity": "sha512-77EbyPPpMz+FRFRuAFlWMtmgUWGe9UOG2Z25NqCwiIjRhOf5iKGuzSe5P2w1laq+FkRy4p+PCuVkJSGkzTEKVw=="
    },
    "uuid": {
      "version": "8.3.2",
      "resolved": "https://registry.npmjs.org/uuid/-/uuid-8.3.2.tgz",
      "integrity": "sha512-+NYs2QeMWy+GWFOEm9xnn6HCDp0l7QBD7ml8zLUmJ+93Q5NF0NocErnwkTkXVFNiX3/fpC6afS8Dhb/gz7R7eg=="
    },
    "xtend": {
      "version": "4.0.2",
      "resolved": "https://registry.npmjs.org/xtend/-/xtend-4.0.2.tgz",
      "integrity": "sha512-LKYU1iAXJXUgAXn9URjiu+MWhyUXHsvfp7mcuYm9dSUKK0/CjtrUwFAxD82/mCWbtLsGjFIad0wIsod4zrTAEQ=="
    }
  }
}
